
Microsoft Visual Studio Solution File, Format Version 12.00
# Visual Studio 15
VisualStudioVersion = 15.0.27130.2026
MinimumVisualStudioVersion = 10.0.40219.1
Project("{9A19103F-16F7-4668-BE54-9A1E7A4F7556}") = "OptimizerLogToConfig", "OptimizerLogToConfig\OptimizerLogToConfig.csproj", "{07FE731D-B2B5-4293-AEC9-2085EC4D0266}"
EndProject
Project("{9A19103F-16F7-4668-BE54-9A1E7A4F7556}") = "OptimizerLogToJson", "OptimizerLogToJson\OptimizerLogToJson.csproj", "{4B3CC9E4-AAAF-4172-B045-F00DCE543560}"
EndProject
Project("{FAE04EC0-301F-11D3-BF4B-00C04F79EFBC}") = "OptimizerLogToCsv", "OptimizerLogToCsv\OptimizerLogToCsv.csproj", "{3F952A8D-405A-4AC6-B385-AB12C71E670A}"
EndProject
Global
	GlobalSection(SolutionConfigurationPlatforms) = preSolution
		Debug|Any CPU = Debug|Any CPU
		Release|Any CPU = Release|Any CPU
	EndGlobalSection
	GlobalSection(ProjectConfigurationPlatforms) = postSolution
		{07FE731D-B2B5-4293-AEC9-2085EC4D0266}.Debug|Any CPU.ActiveCfg = Debug|Any CPU
		{07FE731D-B2B5-4293-AEC9-2085EC4D0266}.Debug|Any CPU.Build.0 = Debug|Any CPU
		{07FE731D-B2B5-4293-AEC9-2085EC4D0266}.Release|Any CPU.ActiveCfg = Release|Any CPU
		{07FE731D-B2B5-4293-AEC9-2085EC4D0266}.Release|Any CPU.Build.0 = Release|Any CPU
		{4B3CC9E4-AAAF-4172-B045-F00DCE543560}.Debug|Any CPU.ActiveCfg = Debug|Any CPU
		{4B3CC9E4-AAAF-4172-B045-F00DCE543560}.Debug|Any CPU.Build.0 = Debug|Any CPU
		{4B3CC9E4-AAAF-4172-B045-F00DCE543560}.Release|Any CPU.ActiveCfg = Release|Any CPU
		{4B3CC9E4-AAAF-4172-B045-F00DCE543560}.Release|Any CPU.Build.0 = Release|Any CPU
		{3F952A8D-405A-4AC6-B385-AB12C71E670A}.Debug|Any CPU.ActiveCfg = Debug|Any CPU
		{3F952A8D-405A-4AC6-B385-AB12C71E670A}.Debug|Any CPU.Build.0 = Debug|Any CPU
		{3F952A8D-405A-4AC6-B385-AB12C71E670A}.Release|Any CPU.ActiveCfg = Release|Any CPU
		{3F952A8D-405A-4AC6-B385-AB12C71E670A}.Release|Any CPU.Build.0 = Release|Any CPU
	EndGlobalSection
	GlobalSection(SolutionProperties) = preSolution
		HideSolutionNode = FALSE
	EndGlobalSection
	GlobalSection(ExtensibilityGlobals) = postSolution
		SolutionGuid = {0EA238C0-5186-4DF4-8713-84249D70EB68}
	EndGlobalSection
EndGlobal
